// !$*UTF8*$!
{
	archiveVersion = 1;
	classes = {
	};
	objectVersion = 56;
	objects = {

/* Begin PBXBuildFile section */
		163D2A272BDBD2A400648227 /* Assets.xcassets in Resources */ = {isa = PBXBuildFile; fileRef = 163D2A262BDBD2A400648227 /* Assets.xcassets */; };
		163D2A302BDBD75D00648227 /* main.swift in Sources */ = {isa = PBXBuildFile; fileRef = 163D2A2F2BDBD75D00648227 /* main.swift */; };
		163D2A322BDBD77700648227 /* StartupAppDelegate.swift in Sources */ = {isa = PBXBuildFile; fileRef = 163D2A312BDBD77700648227 /* StartupAppDelegate.swift */; };
		163D2A372BDBD89E00648227 /* ServiceManagement.framework in Frameworks */ = {isa = PBXBuildFile; fileRef = 163D2A362BDBD89E00648227 /* ServiceManagement.framework */; };
		163D2A412BDC056600648227 /* AutoStartup.app in CopyFiles */ = {isa = PBXBuildFile; fileRef = 163D2A202BDBD2A300648227 /* AutoStartup.app */; settings = {ATTRIBUTES = (RemoveHeadersOnCopy, ); }; };
		16A8CFC42BDF1DCB00B6AC07 /* Media.xcassets in Resources */ = {isa = PBXBuildFile; fileRef = 16A8CFC32BDF1DCB00B6AC07 /* Media.xcassets */; };
		16A8CFC72BDF1DEA00B6AC07 /* closingComputer.json in Resources */ = {isa = PBXBuildFile; fileRef = 16A8CFC52BDF1DEA00B6AC07 /* closingComputer.json */; };
		16A8CFC82BDF1DEA00B6AC07 /* computer.json in Resources */ = {isa = PBXBuildFile; fileRef = 16A8CFC62BDF1DEA00B6AC07 /* computer.json */; };
		16A8CFCE2BDF1DFC00B6AC07 /* clockTime.json in Resources */ = {isa = PBXBuildFile; fileRef = 16A8CFC92BDF1DFC00B6AC07 /* clockTime.json */; };
		16A8CFCF2BDF1DFC00B6AC07 /* working.json in Resources */ = {isa = PBXBuildFile; fileRef = 16A8CFCA2BDF1DFC00B6AC07 /* working.json */; };
		16A8CFD02BDF1DFC00B6AC07 /* night.json in Resources */ = {isa = PBXBuildFile; fileRef = 16A8CFCB2BDF1DFC00B6AC07 /* night.json */; };
		16A8CFD12BDF1DFC00B6AC07 /* notFound.json in Resources */ = {isa = PBXBuildFile; fileRef = 16A8CFCC2BDF1DFC00B6AC07 /* notFound.json */; };
		16A8CFD22BDF1DFC00B6AC07 /* hello.json in Resources */ = {isa = PBXBuildFile; fileRef = 16A8CFCD2BDF1DFC00B6AC07 /* hello.json */; };
		16A8CFD62BDF1E3B00B6AC07 /* MainApp.swift in Sources */ = {isa = PBXBuildFile; fileRef = 16A8CFD52BDF1E3B00B6AC07 /* MainApp.swift */; };
		16A8CFD92BDF1E9500B6AC07 /* MenuBarReducer.swift in Sources */ = {isa = PBXBuildFile; fileRef = 16A8CFD82BDF1E9500B6AC07 /* MenuBarReducer.swift */; };
		16A8CFDB2BDF1F8A00B6AC07 /* MenuBarView.swift in Sources */ = {isa = PBXBuildFile; fileRef = 16A8CFDA2BDF1F8A00B6AC07 /* MenuBarView.swift */; };
		16A8CFDF2BDF20BE00B6AC07 /* Lottie in Frameworks */ = {isa = PBXBuildFile; productRef = 16A8CFDE2BDF20BE00B6AC07 /* Lottie */; };
		16A8CFE32BDF225B00B6AC07 /* SettingsReducer.swift in Sources */ = {isa = PBXBuildFile; fileRef = 16A8CFE22BDF225B00B6AC07 /* SettingsReducer.swift */; };
		16A8CFE52BDF228600B6AC07 /* SettingsView.swift in Sources */ = {isa = PBXBuildFile; fileRef = 16A8CFE42BDF228600B6AC07 /* SettingsView.swift */; };
		16A8CFE72BDF240B00B6AC07 /* LogsReducer.swift in Sources */ = {isa = PBXBuildFile; fileRef = 16A8CFE62BDF240B00B6AC07 /* LogsReducer.swift */; };
		16A8CFE92BDF241F00B6AC07 /* LogsView.swift in Sources */ = {isa = PBXBuildFile; fileRef = 16A8CFE82BDF241F00B6AC07 /* LogsView.swift */; };
		16A8CFED2BDF26BA00B6AC07 /* LottieAsset.swift in Sources */ = {isa = PBXBuildFile; fileRef = 16A8CFEC2BDF26BA00B6AC07 /* LottieAsset.swift */; };
		16A8CFF02BDFB8C200B6AC07 /* LocalNotificationService.swift in Sources */ = {isa = PBXBuildFile; fileRef = 16A8CFEF2BDFB8C200B6AC07 /* LocalNotificationService.swift */; };
		16A8CFF22BDFB9E300B6AC07 /* ScreenStatusService.swift in Sources */ = {isa = PBXBuildFile; fileRef = 16A8CFF12BDFB9E300B6AC07 /* ScreenStatusService.swift */; };
		16A8CFF42BDFC4E200B6AC07 /* MainAppReducer.swift in Sources */ = {isa = PBXBuildFile; fileRef = 16A8CFF32BDFC4E200B6AC07 /* MainAppReducer.swift */; };
		16A8CFF62BDFD28600B6AC07 /* LogService.swift in Sources */ = {isa = PBXBuildFile; fileRef = 16A8CFF52BDFD28600B6AC07 /* LogService.swift */; };
		16A8CFF92BDFD2FE00B6AC07 /* LogHistory.swift in Sources */ = {isa = PBXBuildFile; fileRef = 16A8CFF82BDFD2FE00B6AC07 /* LogHistory.swift */; };
		16B8E0DB2BD2FF6400CA951E /* ComposableArchitecture in Frameworks */ = {isa = PBXBuildFile; productRef = 16B8E0DA2BD2FF6400CA951E /* ComposableArchitecture */; };
/* End PBXBuildFile section */

/* Begin PBXCopyFilesBuildPhase section */
		163D2A402BDC054800648227 /* CopyFiles */ = {
			isa = PBXCopyFilesBuildPhase;
			buildActionMask = 2147483647;
			dstPath = Contents/Library/LoginItems;
			dstSubfolderSpec = 1;
			files = (
				163D2A412BDC056600648227 /* AutoStartup.app in CopyFiles */,
			);
			runOnlyForDeploymentPostprocessing = 0;
		};
/* End PBXCopyFilesBuildPhase section */

/* Begin PBXFileReference section */
		161FA29F2BDEAE3200AB738A /* AppKit */ = {isa = PBXFileReference; lastKnownFileType = wrapper; path = AppKit; sourceTree = "<group>"; };
		163D2A202BDBD2A300648227 /* AutoStartup.app */ = {isa = PBXFileReference; explicitFileType = wrapper.application; includeInIndex = 0; path = AutoStartup.app; sourceTree = BUILT_PRODUCTS_DIR; };
		163D2A262BDBD2A400648227 /* Assets.xcassets */ = {isa = PBXFileReference; lastKnownFileType = folder.assetcatalog; path = Assets.xcassets; sourceTree = "<group>"; };
		163D2A2B2BDBD2A400648227 /* AutoStartup.entitlements */ = {isa = PBXFileReference; lastKnownFileType = text.plist.entitlements; path = AutoStartup.entitlements; sourceTree = "<group>"; };
		163D2A2F2BDBD75D00648227 /* main.swift */ = {isa = PBXFileReference; lastKnownFileType = sourcecode.swift; path = main.swift; sourceTree = "<group>"; };
		163D2A312BDBD77700648227 /* StartupAppDelegate.swift */ = {isa = PBXFileReference; lastKnownFileType = sourcecode.swift; path = StartupAppDelegate.swift; sourceTree = "<group>"; };
		163D2A362BDBD89E00648227 /* ServiceManagement.framework */ = {isa = PBXFileReference; lastKnownFileType = wrapper.framework; name = ServiceManagement.framework; path = System/Library/Frameworks/ServiceManagement.framework; sourceTree = SDKROOT; };
		1659D2072BDE6388001152A7 /* Info.plist */ = {isa = PBXFileReference; lastKnownFileType = text.plist; path = Info.plist; sourceTree = "<group>"; };
		16A8CFC12BDF1D9500B6AC07 /* chama.entitlements */ = {isa = PBXFileReference; fileEncoding = 4; lastKnownFileType = text.plist.entitlements; path = chama.entitlements; sourceTree = "<group>"; };
		16A8CFC32BDF1DCB00B6AC07 /* Media.xcassets */ = {isa = PBXFileReference; lastKnownFileType = folder.assetcatalog; path = Media.xcassets; sourceTree = "<group>"; };
		16A8CFC52BDF1DEA00B6AC07 /* closingComputer.json */ = {isa = PBXFileReference; fileEncoding = 4; lastKnownFileType = text.json; path = closingComputer.json; sourceTree = "<group>"; };
		16A8CFC62BDF1DEA00B6AC07 /* computer.json */ = {isa = PBXFileReference; fileEncoding = 4; lastKnownFileType = text.json; path = computer.json; sourceTree = "<group>"; };
		16A8CFC92BDF1DFC00B6AC07 /* clockTime.json */ = {isa = PBXFileReference; fileEncoding = 4; lastKnownFileType = text.json; path = clockTime.json; sourceTree = "<group>"; };
		16A8CFCA2BDF1DFC00B6AC07 /* working.json */ = {isa = PBXFileReference; fileEncoding = 4; lastKnownFileType = text.json; path = working.json; sourceTree = "<group>"; };
		16A8CFCB2BDF1DFC00B6AC07 /* night.json */ = {isa = PBXFileReference; fileEncoding = 4; lastKnownFileType = text.json; path = night.json; sourceTree = "<group>"; };
		16A8CFCC2BDF1DFC00B6AC07 /* notFound.json */ = {isa = PBXFileReference; fileEncoding = 4; lastKnownFileType = text.json; path = notFound.json; sourceTree = "<group>"; };
		16A8CFCD2BDF1DFC00B6AC07 /* hello.json */ = {isa = PBXFileReference; fileEncoding = 4; lastKnownFileType = text.json; path = hello.json; sourceTree = "<group>"; };
		16A8CFD52BDF1E3B00B6AC07 /* MainApp.swift */ = {isa = PBXFileReference; lastKnownFileType = sourcecode.swift; path = MainApp.swift; sourceTree = "<group>"; };
		16A8CFD82BDF1E9500B6AC07 /* MenuBarReducer.swift */ = {isa = PBXFileReference; lastKnownFileType = sourcecode.swift; path = MenuBarReducer.swift; sourceTree = "<group>"; };
		16A8CFDA2BDF1F8A00B6AC07 /* MenuBarView.swift */ = {isa = PBXFileReference; lastKnownFileType = sourcecode.swift; path = MenuBarView.swift; sourceTree = "<group>"; };
		16A8CFE22BDF225B00B6AC07 /* SettingsReducer.swift */ = {isa = PBXFileReference; lastKnownFileType = sourcecode.swift; path = SettingsReducer.swift; sourceTree = "<group>"; };
		16A8CFE42BDF228600B6AC07 /* SettingsView.swift */ = {isa = PBXFileReference; lastKnownFileType = sourcecode.swift; path = SettingsView.swift; sourceTree = "<group>"; };
		16A8CFE62BDF240B00B6AC07 /* LogsReducer.swift */ = {isa = PBXFileReference; lastKnownFileType = sourcecode.swift; path = LogsReducer.swift; sourceTree = "<group>"; };
		16A8CFE82BDF241F00B6AC07 /* LogsView.swift */ = {isa = PBXFileReference; lastKnownFileType = sourcecode.swift; path = LogsView.swift; sourceTree = "<group>"; };
		16A8CFEC2BDF26BA00B6AC07 /* LottieAsset.swift */ = {isa = PBXFileReference; lastKnownFileType = sourcecode.swift; path = LottieAsset.swift; sourceTree = "<group>"; };
		16A8CFEF2BDFB8C200B6AC07 /* LocalNotificationService.swift */ = {isa = PBXFileReference; lastKnownFileType = sourcecode.swift; path = LocalNotificationService.swift; sourceTree = "<group>"; };
		16A8CFF12BDFB9E300B6AC07 /* ScreenStatusService.swift */ = {isa = PBXFileReference; lastKnownFileType = sourcecode.swift; path = ScreenStatusService.swift; sourceTree = "<group>"; };
		16A8CFF32BDFC4E200B6AC07 /* MainAppReducer.swift */ = {isa = PBXFileReference; lastKnownFileType = sourcecode.swift; path = MainAppReducer.swift; sourceTree = "<group>"; };
		16A8CFF52BDFD28600B6AC07 /* LogService.swift */ = {isa = PBXFileReference; lastKnownFileType = sourcecode.swift; path = LogService.swift; sourceTree = "<group>"; };
		16A8CFF82BDFD2FE00B6AC07 /* LogHistory.swift */ = {isa = PBXFileReference; lastKnownFileType = sourcecode.swift; path = LogHistory.swift; sourceTree = "<group>"; };
		16B8E0BC2BD2AFFE00CA951E /* Chama.app */ = {isa = PBXFileReference; explicitFileType = wrapper.application; includeInIndex = 0; path = Chama.app; sourceTree = BUILT_PRODUCTS_DIR; };
/* End PBXFileReference section */

/* Begin PBXFrameworksBuildPhase section */
		163D2A1D2BDBD2A300648227 /* Frameworks */ = {
			isa = PBXFrameworksBuildPhase;
			buildActionMask = 2147483647;
			files = (
				163D2A372BDBD89E00648227 /* ServiceManagement.framework in Frameworks */,
			);
			runOnlyForDeploymentPostprocessing = 0;
		};
		16B8E0B92BD2AFFE00CA951E /* Frameworks */ = {
			isa = PBXFrameworksBuildPhase;
			buildActionMask = 2147483647;
			files = (
				16B8E0DB2BD2FF6400CA951E /* ComposableArchitecture in Frameworks */,
				16A8CFDF2BDF20BE00B6AC07 /* Lottie in Frameworks */,
			);
			runOnlyForDeploymentPostprocessing = 0;
		};
/* End PBXFrameworksBuildPhase section */

/* Begin PBXGroup section */
		163D2A212BDBD2A300648227 /* AutoStartup */ = {
			isa = PBXGroup;
			children = (
				1659D2072BDE6388001152A7 /* Info.plist */,
				163D2A262BDBD2A400648227 /* Assets.xcassets */,
				163D2A2B2BDBD2A400648227 /* AutoStartup.entitlements */,
				163D2A2F2BDBD75D00648227 /* main.swift */,
				163D2A312BDBD77700648227 /* StartupAppDelegate.swift */,
			);
			path = AutoStartup;
			sourceTree = "<group>";
		};
		163D2A352BDBD89D00648227 /* Frameworks */ = {
			isa = PBXGroup;
			children = (
				163D2A362BDBD89E00648227 /* ServiceManagement.framework */,
			);
			name = Frameworks;
			sourceTree = "<group>";
		};
		16A8CFA22BDF1CD100B6AC07 /* App */ = {
			isa = PBXGroup;
			children = (
				16A8CFF72BDFD2F300B6AC07 /* Models */,
				16A8CFEE2BDFB8B800B6AC07 /* Services */,
				16A8CFEA2BDF26A100B6AC07 /* Utilities */,
				16A8CFD32BDF1E1A00B6AC07 /* Features */,
				16A8CFC02BDF1D6D00B6AC07 /* Resources */,
			);
			path = App;
			sourceTree = "<group>";
		};
		16A8CFC02BDF1D6D00B6AC07 /* Resources */ = {
			isa = PBXGroup;
			children = (
				16A8CFC22BDF1DAA00B6AC07 /* Lottie */,
				16A8CFC12BDF1D9500B6AC07 /* chama.entitlements */,
				16A8CFC32BDF1DCB00B6AC07 /* Media.xcassets */,
			);
			path = Resources;
			sourceTree = "<group>";
		};
		16A8CFC22BDF1DAA00B6AC07 /* Lottie */ = {
			isa = PBXGroup;
			children = (
				16A8CFC92BDF1DFC00B6AC07 /* clockTime.json */,
				16A8CFCD2BDF1DFC00B6AC07 /* hello.json */,
				16A8CFCB2BDF1DFC00B6AC07 /* night.json */,
				16A8CFCC2BDF1DFC00B6AC07 /* notFound.json */,
				16A8CFCA2BDF1DFC00B6AC07 /* working.json */,
				16A8CFC52BDF1DEA00B6AC07 /* closingComputer.json */,
				16A8CFC62BDF1DEA00B6AC07 /* computer.json */,
			);
			path = Lottie;
			sourceTree = "<group>";
		};
		16A8CFD32BDF1E1A00B6AC07 /* Features */ = {
			isa = PBXGroup;
			children = (
				16A8CFDC2BDF207A00B6AC07 /* Logs */,
				16A8CFD42BDF1E1F00B6AC07 /* Main */,
				16A8CFD72BDF1E7400B6AC07 /* MenuBar */,
				16A8CFDD2BDF208100B6AC07 /* Settings */,
			);
			path = Features;
			sourceTree = "<group>";
		};
		16A8CFD42BDF1E1F00B6AC07 /* Main */ = {
			isa = PBXGroup;
			children = (
				16A8CFD52BDF1E3B00B6AC07 /* MainApp.swift */,
				16A8CFF32BDFC4E200B6AC07 /* MainAppReducer.swift */,
			);
			path = Main;
			sourceTree = "<group>";
		};
		16A8CFD72BDF1E7400B6AC07 /* MenuBar */ = {
			isa = PBXGroup;
			children = (
				16A8CFD82BDF1E9500B6AC07 /* MenuBarReducer.swift */,
				16A8CFDA2BDF1F8A00B6AC07 /* MenuBarView.swift */,
			);
			path = MenuBar;
			sourceTree = "<group>";
		};
		16A8CFDC2BDF207A00B6AC07 /* Logs */ = {
			isa = PBXGroup;
			children = (
				16A8CFE62BDF240B00B6AC07 /* LogsReducer.swift */,
				16A8CFE82BDF241F00B6AC07 /* LogsView.swift */,
			);
			path = Logs;
			sourceTree = "<group>";
		};
		16A8CFDD2BDF208100B6AC07 /* Settings */ = {
			isa = PBXGroup;
			children = (
				16A8CFE22BDF225B00B6AC07 /* SettingsReducer.swift */,
				16A8CFE42BDF228600B6AC07 /* SettingsView.swift */,
			);
			path = Settings;
			sourceTree = "<group>";
		};
		16A8CFEA2BDF26A100B6AC07 /* Utilities */ = {
			isa = PBXGroup;
			children = (
				16A8CFEB2BDF26B100B6AC07 /* Assets */,
			);
			path = Utilities;
			sourceTree = "<group>";
		};
		16A8CFEB2BDF26B100B6AC07 /* Assets */ = {
			isa = PBXGroup;
			children = (
				16A8CFEC2BDF26BA00B6AC07 /* LottieAsset.swift */,
			);
			path = Assets;
			sourceTree = "<group>";
		};
		16A8CFEE2BDFB8B800B6AC07 /* Services */ = {
			isa = PBXGroup;
			children = (
				16A8CFEF2BDFB8C200B6AC07 /* LocalNotificationService.swift */,
				16A8CFF12BDFB9E300B6AC07 /* ScreenStatusService.swift */,
				16A8CFF52BDFD28600B6AC07 /* LogService.swift */,
			);
			path = Services;
			sourceTree = "<group>";
		};
		16A8CFF72BDFD2F300B6AC07 /* Models */ = {
			isa = PBXGroup;
			children = (
				16A8CFF82BDFD2FE00B6AC07 /* LogHistory.swift */,
			);
			path = Models;
			sourceTree = "<group>";
		};
		16B8E0B32BD2AFFE00CA951E = {
			isa = PBXGroup;
			children = (
				161FA29F2BDEAE3200AB738A /* AppKit */,
				16A8CFA22BDF1CD100B6AC07 /* App */,
				163D2A212BDBD2A300648227 /* AutoStartup */,
				163D2A352BDBD89D00648227 /* Frameworks */,
				16B8E0BD2BD2AFFE00CA951E /* Products */,
			);
			sourceTree = "<group>";
		};
		16B8E0BD2BD2AFFE00CA951E /* Products */ = {
			isa = PBXGroup;
			children = (
				16B8E0BC2BD2AFFE00CA951E /* Chama.app */,
				163D2A202BDBD2A300648227 /* AutoStartup.app */,
			);
			name = Products;
			sourceTree = "<group>";
		};
/* End PBXGroup section */

/* Begin PBXNativeTarget section */
		163D2A1F2BDBD2A300648227 /* AutoStartup */ = {
			isa = PBXNativeTarget;
			buildConfigurationList = 163D2A2C2BDBD2A400648227 /* Build configuration list for PBXNativeTarget "AutoStartup" */;
			buildPhases = (
				163D2A1C2BDBD2A300648227 /* Sources */,
				163D2A1D2BDBD2A300648227 /* Frameworks */,
				163D2A1E2BDBD2A300648227 /* Resources */,
			);
			buildRules = (
			);
			dependencies = (
			);
			name = AutoStartup;
			productName = AutoStartup;
			productReference = 163D2A202BDBD2A300648227 /* AutoStartup.app */;
			productType = "com.apple.product-type.application";
		};
		16B8E0BB2BD2AFFE00CA951E /* Chama */ = {
			isa = PBXNativeTarget;
			buildConfigurationList = 16B8E0CD2BD2B00000CA951E /* Build configuration list for PBXNativeTarget "Chama" */;
			buildPhases = (
				16B8E0B82BD2AFFE00CA951E /* Sources */,
				16B8E0B92BD2AFFE00CA951E /* Frameworks */,
				16B8E0BA2BD2AFFE00CA951E /* Resources */,
				163D2A402BDC054800648227 /* CopyFiles */,
			);
			buildRules = (
			);
			dependencies = (
			);
			name = Chama;
			packageProductDependencies = (
				16B8E0DA2BD2FF6400CA951E /* ComposableArchitecture */,
				16A8CFDE2BDF20BE00B6AC07 /* Lottie */,
			);
			productName = Chama;
			productReference = 16B8E0BC2BD2AFFE00CA951E /* Chama.app */;
			productType = "com.apple.product-type.application";
		};
/* End PBXNativeTarget section */

/* Begin PBXProject section */
		16B8E0B42BD2AFFE00CA951E /* Project object */ = {
			isa = PBXProject;
			attributes = {
				BuildIndependentTargetsInParallel = 1;
				LastSwiftUpdateCheck = 1520;
				LastUpgradeCheck = 1520;
				TargetAttributes = {
					163D2A1F2BDBD2A300648227 = {
						CreatedOnToolsVersion = 15.2;
					};
					16B8E0BB2BD2AFFE00CA951E = {
						CreatedOnToolsVersion = 15.2;
					};
				};
			};
			buildConfigurationList = 16B8E0B72BD2AFFE00CA951E /* Build configuration list for PBXProject "Chama" */;
			compatibilityVersion = "Xcode 14.0";
			developmentRegion = en;
			hasScannedForEncodings = 0;
			knownRegions = (
				en,
				Base,
			);
			mainGroup = 16B8E0B32BD2AFFE00CA951E;
			packageReferences = (
				16B8E0D92BD2FF6400CA951E /* XCRemoteSwiftPackageReference "swift-composable-architecture" */,
				16B8E0E82BD4164600CA951E /* XCRemoteSwiftPackageReference "lottie-ios" */,
			);
			productRefGroup = 16B8E0BD2BD2AFFE00CA951E /* Products */;
			projectDirPath = "";
			projectRoot = "";
			targets = (
				16B8E0BB2BD2AFFE00CA951E /* Chama */,
				163D2A1F2BDBD2A300648227 /* AutoStartup */,
			);
		};
/* End PBXProject section */

/* Begin PBXResourcesBuildPhase section */
		163D2A1E2BDBD2A300648227 /* Resources */ = {
			isa = PBXResourcesBuildPhase;
			buildActionMask = 2147483647;
			files = (
				163D2A272BDBD2A400648227 /* Assets.xcassets in Resources */,
			);
			runOnlyForDeploymentPostprocessing = 0;
		};
		16B8E0BA2BD2AFFE00CA951E /* Resources */ = {
			isa = PBXResourcesBuildPhase;
			buildActionMask = 2147483647;
			files = (
				16A8CFD22BDF1DFC00B6AC07 /* hello.json in Resources */,
				16A8CFC82BDF1DEA00B6AC07 /* computer.json in Resources */,
				16A8CFC72BDF1DEA00B6AC07 /* closingComputer.json in Resources */,
				16A8CFD02BDF1DFC00B6AC07 /* night.json in Resources */,
				16A8CFC42BDF1DCB00B6AC07 /* Media.xcassets in Resources */,
				16A8CFCF2BDF1DFC00B6AC07 /* working.json in Resources */,
				16A8CFCE2BDF1DFC00B6AC07 /* clockTime.json in Resources */,
				16A8CFD12BDF1DFC00B6AC07 /* notFound.json in Resources */,
			);
			runOnlyForDeploymentPostprocessing = 0;
		};
/* End PBXResourcesBuildPhase section */

/* Begin PBXSourcesBuildPhase section */
		163D2A1C2BDBD2A300648227 /* Sources */ = {
			isa = PBXSourcesBuildPhase;
			buildActionMask = 2147483647;
			files = (
				163D2A302BDBD75D00648227 /* main.swift in Sources */,
				163D2A322BDBD77700648227 /* StartupAppDelegate.swift in Sources */,
			);
			runOnlyForDeploymentPostprocessing = 0;
		};
		16B8E0B82BD2AFFE00CA951E /* Sources */ = {
			isa = PBXSourcesBuildPhase;
			buildActionMask = 2147483647;
			files = (
				16A8CFE52BDF228600B6AC07 /* SettingsView.swift in Sources */,
				16A8CFD62BDF1E3B00B6AC07 /* MainApp.swift in Sources */,
				16A8CFF92BDFD2FE00B6AC07 /* LogHistory.swift in Sources */,
				16A8CFDB2BDF1F8A00B6AC07 /* MenuBarView.swift in Sources */,
				16A8CFE92BDF241F00B6AC07 /* LogsView.swift in Sources */,
				16A8CFED2BDF26BA00B6AC07 /* LottieAsset.swift in Sources */,
				16A8CFF02BDFB8C200B6AC07 /* LocalNotificationService.swift in Sources */,
				16A8CFF42BDFC4E200B6AC07 /* MainAppReducer.swift in Sources */,
				16A8CFE72BDF240B00B6AC07 /* LogsReducer.swift in Sources */,
				16A8CFD92BDF1E9500B6AC07 /* MenuBarReducer.swift in Sources */,
				16A8CFF22BDFB9E300B6AC07 /* ScreenStatusService.swift in Sources */,
				16A8CFF62BDFD28600B6AC07 /* LogService.swift in Sources */,
				16A8CFE32BDF225B00B6AC07 /* SettingsReducer.swift in Sources */,
			);
			runOnlyForDeploymentPostprocessing = 0;
		};
/* End PBXSourcesBuildPhase section */

/* Begin XCBuildConfiguration section */
		163D2A2D2BDBD2A400648227 /* Debug */ = {
			isa = XCBuildConfiguration;
			buildSettings = {
				ASSETCATALOG_COMPILER_APPICON_NAME = AppIcon;
				ASSETCATALOG_COMPILER_GLOBAL_ACCENT_COLOR_NAME = AccentColor;
				CODE_SIGN_ENTITLEMENTS = AutoStartup/AutoStartup.entitlements;
				CODE_SIGN_STYLE = Automatic;
				COMBINE_HIDPI_IMAGES = YES;
				CURRENT_PROJECT_VERSION = 1;
				DEVELOPMENT_ASSET_PATHS = "";
				DEVELOPMENT_TEAM = P9CBST4MZZ;
				ENABLE_HARDENED_RUNTIME = YES;
				ENABLE_PREVIEWS = YES;
				GENERATE_INFOPLIST_FILE = YES;
				INFOPLIST_FILE = AutoStartup/Info.plist;
				INFOPLIST_KEY_LSBackgroundOnly = YES;
				INFOPLIST_KEY_NSHumanReadableCopyright = "";
				LD_RUNPATH_SEARCH_PATHS = (
					"$(inherited)",
					"@executable_path/../Frameworks",
				);
				MARKETING_VERSION = 1.0;
				OPENAI_KEY = "<sk-proj-IYzlPu7WMI4OiKW4t3PIT3BlbkFJFK24Ld3wTSgJuw8ohDcf>";
				OPENAI_URL = "https://api.openai.com/v1";
				PRODUCT_BUNDLE_IDENTIFIER = com.lima.jonatha.AutoStartup;
				PRODUCT_NAME = "$(TARGET_NAME)";
				SKIP_INSTALL = YES;
				SWIFT_EMIT_LOC_STRINGS = YES;
				SWIFT_VERSION = 5.0;
			};
			name = Debug;
		};
		163D2A2E2BDBD2A400648227 /* Release */ = {
			isa = XCBuildConfiguration;
			buildSettings = {
				ASSETCATALOG_COMPILER_APPICON_NAME = AppIcon;
				ASSETCATALOG_COMPILER_GLOBAL_ACCENT_COLOR_NAME = AccentColor;
				CODE_SIGN_ENTITLEMENTS = AutoStartup/AutoStartup.entitlements;
				CODE_SIGN_STYLE = Automatic;
				COMBINE_HIDPI_IMAGES = YES;
				CURRENT_PROJECT_VERSION = 1;
				DEVELOPMENT_ASSET_PATHS = "";
				DEVELOPMENT_TEAM = P9CBST4MZZ;
				ENABLE_HARDENED_RUNTIME = YES;
				ENABLE_PREVIEWS = YES;
				GENERATE_INFOPLIST_FILE = YES;
				INFOPLIST_FILE = AutoStartup/Info.plist;
				INFOPLIST_KEY_LSBackgroundOnly = YES;
				INFOPLIST_KEY_NSHumanReadableCopyright = "";
				LD_RUNPATH_SEARCH_PATHS = (
					"$(inherited)",
					"@executable_path/../Frameworks",
				);
				MARKETING_VERSION = 1.0;
				OPENAI_KEY = "<sk-proj-IYzlPu7WMI4OiKW4t3PIT3BlbkFJFK24Ld3wTSgJuw8ohDcf>";
				OPENAI_URL = "https://api.openai.com/v1";
				PRODUCT_BUNDLE_IDENTIFIER = com.lima.jonatha.AutoStartup;
				PRODUCT_NAME = "$(TARGET_NAME)";
				SKIP_INSTALL = YES;
				SWIFT_EMIT_LOC_STRINGS = YES;
				SWIFT_VERSION = 5.0;
			};
			name = Release;
		};
		16B8E0CB2BD2B00000CA951E /* Debug */ = {
			isa = XCBuildConfiguration;
			buildSettings = {
				ALWAYS_SEARCH_USER_PATHS = NO;
				ASSETCATALOG_COMPILER_GENERATE_SWIFT_ASSET_SYMBOL_EXTENSIONS = YES;
				CLANG_ANALYZER_NONNULL = YES;
				CLANG_ANALYZER_NUMBER_OBJECT_CONVERSION = YES_AGGRESSIVE;
				CLANG_CXX_LANGUAGE_STANDARD = "gnu++20";
				CLANG_ENABLE_MODULES = YES;
				CLANG_ENABLE_OBJC_ARC = YES;
				CLANG_ENABLE_OBJC_WEAK = YES;
				CLANG_WARN_BLOCK_CAPTURE_AUTORELEASING = YES;
				CLANG_WARN_BOOL_CONVERSION = YES;
				CLANG_WARN_COMMA = YES;
				CLANG_WARN_CONSTANT_CONVERSION = YES;
				CLANG_WARN_DEPRECATED_OBJC_IMPLEMENTATIONS = YES;
				CLANG_WARN_DIRECT_OBJC_ISA_USAGE = YES_ERROR;
				CLANG_WARN_DOCUMENTATION_COMMENTS = YES;
				CLANG_WARN_EMPTY_BODY = YES;
				CLANG_WARN_ENUM_CONVERSION = YES;
				CLANG_WARN_INFINITE_RECURSION = YES;
				CLANG_WARN_INT_CONVERSION = YES;
				CLANG_WARN_NON_LITERAL_NULL_CONVERSION = YES;
				CLANG_WARN_OBJC_IMPLICIT_RETAIN_SELF = YES;
				CLANG_WARN_OBJC_LITERAL_CONVERSION = YES;
				CLANG_WARN_OBJC_ROOT_CLASS = YES_ERROR;
				CLANG_WARN_QUOTED_INCLUDE_IN_FRAMEWORK_HEADER = YES;
				CLANG_WARN_RANGE_LOOP_ANALYSIS = YES;
				CLANG_WARN_STRICT_PROTOTYPES = YES;
				CLANG_WARN_SUSPICIOUS_MOVE = YES;
				CLANG_WARN_UNGUARDED_AVAILABILITY = YES_AGGRESSIVE;
				CLANG_WARN_UNREACHABLE_CODE = YES;
				CLANG_WARN__DUPLICATE_METHOD_MATCH = YES;
				COPY_PHASE_STRIP = NO;
				DEBUG_INFORMATION_FORMAT = dwarf;
				ENABLE_STRICT_OBJC_MSGSEND = YES;
				ENABLE_TESTABILITY = YES;
				ENABLE_USER_SCRIPT_SANDBOXING = YES;
				GCC_C_LANGUAGE_STANDARD = gnu17;
				GCC_DYNAMIC_NO_PIC = NO;
				GCC_NO_COMMON_BLOCKS = YES;
				GCC_OPTIMIZATION_LEVEL = 0;
				GCC_PREPROCESSOR_DEFINITIONS = (
					"DEBUG=1",
					"$(inherited)",
				);
				GCC_WARN_64_TO_32_BIT_CONVERSION = YES;
				GCC_WARN_ABOUT_RETURN_TYPE = YES_ERROR;
				GCC_WARN_UNDECLARED_SELECTOR = YES;
				GCC_WARN_UNINITIALIZED_AUTOS = YES_AGGRESSIVE;
				GCC_WARN_UNUSED_FUNCTION = YES;
				GCC_WARN_UNUSED_VARIABLE = YES;
				LOCALIZATION_PREFERS_STRING_CATALOGS = YES;
				MACOSX_DEPLOYMENT_TARGET = 14.2;
				MTL_ENABLE_DEBUG_INFO = INCLUDE_SOURCE;
				MTL_FAST_MATH = YES;
				ONLY_ACTIVE_ARCH = YES;
				SDKROOT = macosx;
				SWIFT_ACTIVE_COMPILATION_CONDITIONS = "DEBUG $(inherited)";
				SWIFT_OPTIMIZATION_LEVEL = "-Onone";
			};
			name = Debug;
		};
		16B8E0CC2BD2B00000CA951E /* Release */ = {
			isa = XCBuildConfiguration;
			buildSettings = {
				ALWAYS_SEARCH_USER_PATHS = NO;
				ASSETCATALOG_COMPILER_GENERATE_SWIFT_ASSET_SYMBOL_EXTENSIONS = YES;
				CLANG_ANALYZER_NONNULL = YES;
				CLANG_ANALYZER_NUMBER_OBJECT_CONVERSION = YES_AGGRESSIVE;
				CLANG_CXX_LANGUAGE_STANDARD = "gnu++20";
				CLANG_ENABLE_MODULES = YES;
				CLANG_ENABLE_OBJC_ARC = YES;
				CLANG_ENABLE_OBJC_WEAK = YES;
				CLANG_WARN_BLOCK_CAPTURE_AUTORELEASING = YES;
				CLANG_WARN_BOOL_CONVERSION = YES;
				CLANG_WARN_COMMA = YES;
				CLANG_WARN_CONSTANT_CONVERSION = YES;
				CLANG_WARN_DEPRECATED_OBJC_IMPLEMENTATIONS = YES;
				CLANG_WARN_DIRECT_OBJC_ISA_USAGE = YES_ERROR;
				CLANG_WARN_DOCUMENTATION_COMMENTS = YES;
				CLANG_WARN_EMPTY_BODY = YES;
				CLANG_WARN_ENUM_CONVERSION = YES;
				CLANG_WARN_INFINITE_RECURSION = YES;
				CLANG_WARN_INT_CONVERSION = YES;
				CLANG_WARN_NON_LITERAL_NULL_CONVERSION = YES;
				CLANG_WARN_OBJC_IMPLICIT_RETAIN_SELF = YES;
				CLANG_WARN_OBJC_LITERAL_CONVERSION = YES;
				CLANG_WARN_OBJC_ROOT_CLASS = YES_ERROR;
				CLANG_WARN_QUOTED_INCLUDE_IN_FRAMEWORK_HEADER = YES;
				CLANG_WARN_RANGE_LOOP_ANALYSIS = YES;
				CLANG_WARN_STRICT_PROTOTYPES = YES;
				CLANG_WARN_SUSPICIOUS_MOVE = YES;
				CLANG_WARN_UNGUARDED_AVAILABILITY = YES_AGGRESSIVE;
				CLANG_WARN_UNREACHABLE_CODE = YES;
				CLANG_WARN__DUPLICATE_METHOD_MATCH = YES;
				COPY_PHASE_STRIP = NO;
				DEBUG_INFORMATION_FORMAT = "dwarf-with-dsym";
				ENABLE_NS_ASSERTIONS = NO;
				ENABLE_STRICT_OBJC_MSGSEND = YES;
				ENABLE_USER_SCRIPT_SANDBOXING = YES;
				GCC_C_LANGUAGE_STANDARD = gnu17;
				GCC_NO_COMMON_BLOCKS = YES;
				GCC_WARN_64_TO_32_BIT_CONVERSION = YES;
				GCC_WARN_ABOUT_RETURN_TYPE = YES_ERROR;
				GCC_WARN_UNDECLARED_SELECTOR = YES;
				GCC_WARN_UNINITIALIZED_AUTOS = YES_AGGRESSIVE;
				GCC_WARN_UNUSED_FUNCTION = YES;
				GCC_WARN_UNUSED_VARIABLE = YES;
				LOCALIZATION_PREFERS_STRING_CATALOGS = YES;
				MACOSX_DEPLOYMENT_TARGET = 14.2;
				MTL_ENABLE_DEBUG_INFO = NO;
				MTL_FAST_MATH = YES;
				SDKROOT = macosx;
				SWIFT_COMPILATION_MODE = wholemodule;
			};
			name = Release;
		};
		16B8E0CE2BD2B00000CA951E /* Debug */ = {
			isa = XCBuildConfiguration;
			buildSettings = {
				ASSETCATALOG_COMPILER_APPICON_NAME = AppIcon;
				ASSETCATALOG_COMPILER_GLOBAL_ACCENT_COLOR_NAME = AccentColor;
				CODE_SIGN_ENTITLEMENTS = App/Resources/Chama.entitlements;
				"CODE_SIGN_IDENTITY[sdk=macosx*]" = "Apple Development";
				CODE_SIGN_STYLE = Automatic;
				COMBINE_HIDPI_IMAGES = YES;
				CURRENT_PROJECT_VERSION = 1;
				DEVELOPMENT_ASSET_PATHS = "";
				DEVELOPMENT_TEAM = P9CBST4MZZ;
				ENABLE_HARDENED_RUNTIME = YES;
				ENABLE_PREVIEWS = YES;
				GENERATE_INFOPLIST_FILE = YES;
				INFOPLIST_FILE = "";
				INFOPLIST_KEY_LSApplicationCategoryType = "public.app-category.productivity";
				INFOPLIST_KEY_NSHumanReadableCopyright = "";
				LD_RUNPATH_SEARCH_PATHS = (
					"$(inherited)",
					"@executable_path/../Frameworks",
				);
				MACOSX_DEPLOYMENT_TARGET = 14.0;
				MARKETING_VERSION = 1.0;
				PRODUCT_BUNDLE_IDENTIFIER = com.lima.jonatha.Chama;
				PRODUCT_NAME = "$(TARGET_NAME)";
				SWIFT_EMIT_LOC_STRINGS = YES;
				SWIFT_VERSION = 5.0;
			};
			name = Debug;
		};
		16B8E0CF2BD2B00000CA951E /* Release */ = {
			isa = XCBuildConfiguration;
			buildSettings = {
				ASSETCATALOG_COMPILER_APPICON_NAME = AppIcon;
				ASSETCATALOG_COMPILER_GLOBAL_ACCENT_COLOR_NAME = AccentColor;
				CODE_SIGN_ENTITLEMENTS = App/Resources/Chama.entitlements;
				"CODE_SIGN_IDENTITY[sdk=macosx*]" = "Apple Development";
				CODE_SIGN_STYLE = Automatic;
				COMBINE_HIDPI_IMAGES = YES;
				CURRENT_PROJECT_VERSION = 1;
				DEVELOPMENT_ASSET_PATHS = "";
				DEVELOPMENT_TEAM = P9CBST4MZZ;
				ENABLE_HARDENED_RUNTIME = YES;
				ENABLE_PREVIEWS = YES;
				GENERATE_INFOPLIST_FILE = YES;
				INFOPLIST_FILE = "";
				INFOPLIST_KEY_LSApplicationCategoryType = "public.app-category.productivity";
				INFOPLIST_KEY_NSHumanReadableCopyright = "";
				LD_RUNPATH_SEARCH_PATHS = (
					"$(inherited)",
					"@executable_path/../Frameworks",
				);
				MACOSX_DEPLOYMENT_TARGET = 14.0;
				MARKETING_VERSION = 1.0;
				PRODUCT_BUNDLE_IDENTIFIER = com.lima.jonatha.Chama;
				PRODUCT_NAME = "$(TARGET_NAME)";
				SWIFT_EMIT_LOC_STRINGS = YES;
				SWIFT_VERSION = 5.0;
			};
			name = Release;
		};
/* End XCBuildConfiguration section */

/* Begin XCConfigurationList section */
		163D2A2C2BDBD2A400648227 /* Build configuration list for PBXNativeTarget "AutoStartup" */ = {
			isa = XCConfigurationList;
			buildConfigurations = (
				163D2A2D2BDBD2A400648227 /* Debug */,
				163D2A2E2BDBD2A400648227 /* Release */,
			);
			defaultConfigurationIsVisible = 0;
			defaultConfigurationName = Release;
		};
		16B8E0B72BD2AFFE00CA951E /* Build configuration list for PBXProject "Chama" */ = {
			isa = XCConfigurationList;
			buildConfigurations = (
				16B8E0CB2BD2B00000CA951E /* Debug */,
				16B8E0CC2BD2B00000CA951E /* Release */,
			);
			defaultConfigurationIsVisible = 0;
			defaultConfigurationName = Release;
		};
		16B8E0CD2BD2B00000CA951E /* Build configuration list for PBXNativeTarget "Chama" */ = {
			isa = XCConfigurationList;
			buildConfigurations = (
				16B8E0CE2BD2B00000CA951E /* Debug */,
				16B8E0CF2BD2B00000CA951E /* Release */,
			);
			defaultConfigurationIsVisible = 0;
			defaultConfigurationName = Release;
		};
/* End XCConfigurationList section */

/* Begin XCRemoteSwiftPackageReference section */
		16B8E0D92BD2FF6400CA951E /* XCRemoteSwiftPackageReference "swift-composable-architecture" */ = {
			isa = XCRemoteSwiftPackageReference;
			repositoryURL = "https://github.com/pointfreeco/swift-composable-architecture";
			requirement = {
				branch = "shared-state-beta";
				kind = branch;
			};
		};
		16B8E0E82BD4164600CA951E /* XCRemoteSwiftPackageReference "lottie-ios" */ = {
			isa = XCRemoteSwiftPackageReference;
			repositoryURL = "https://github.com/airbnb/lottie-ios";
			requirement = {
				kind = upToNextMajorVersion;
				minimumVersion = 4.4.3;
			};
		};
/* End XCRemoteSwiftPackageReference section */

/* Begin XCSwiftPackageProductDependency section */
		16A8CFDE2BDF20BE00B6AC07 /* Lottie */ = {
			isa = XCSwiftPackageProductDependency;
			package = 16B8E0E82BD4164600CA951E /* XCRemoteSwiftPackageReference "lottie-ios" */;
			productName = Lottie;
		};
		16B8E0DA2BD2FF6400CA951E /* ComposableArchitecture */ = {
			isa = XCSwiftPackageProductDependency;
			package = 16B8E0D92BD2FF6400CA951E /* XCRemoteSwiftPackageReference "swift-composable-architecture" */;
			productName = ComposableArchitecture;
		};
/* End XCSwiftPackageProductDependency section */
	};
	rootObject = 16B8E0B42BD2AFFE00CA951E /* Project object */;
}
